# This file is automatically @generated by Cargo.
# It is not intended for manual editing.
version = 4

[[package]]
name = "npro"
version = "0.0.2"

[[package]]
name = "npro-core"
version = "0.0.2"

[[package]]
name = "npro-fuzz"
version = "0.0.2"
dependencies = [
 "npro-core",
 "npro-h1",
 "npro-test",
]

[[package]]
name = "npro-h1"
version = "0.0.2"

[[package]]
name = "npro-test"
version = "0.0.2"
dependencies = [
 "npro-core",
 "npro-h1",
 "npro-ws",
]

[[package]]
name = "npro-ws"
version = "0.0.2"
dependencies = [
 "npro-core",
 "npro-h1",
]
