# This file is automatically @generated by Cargo.
# It is not intended for manual editing.
version = 4

[[package]]
name = "adler2"
version = "2.0.1"
source = "registry+https://github.com/rust-lang/crates.io-index"
checksum = "320119579fcad9c21884f5c4861d16174d0e06250625266f50fe6898340abefa"

[[package]]
name = "miniz_oxide"
version = "0.9.1"
source = "registry+https://github.com/rust-lang/crates.io-index"
checksum = "b63fbc4a50860e98e7b2aa7804ded1db5cbc3aff9193adaff57a6931bf7c4b4c"
dependencies = [
 "adler2",
]

[[package]]
name = "npro"
version = "0.0.2"

[[package]]
name = "npro-core"
version = "0.0.2"

[[package]]
name = "npro-fuzz"
version = "0.0.2"
dependencies = [
 "npro-core",
 "npro-h1",
 "npro-test",
 "npro-ws",
]

[[package]]
name = "npro-h1"
version = "0.0.2"
dependencies = [
 "npro-core",
]

[[package]]
name = "npro-io"
version = "0.0.2"
dependencies = [
 "npro-core",
 "npro-h1",
 "npro-ws",
]

[[package]]
name = "npro-test"
version = "0.0.2"
dependencies = [
 "npro-core",
 "npro-h1",
 "npro-io",
 "npro-ws",
]

[[package]]
name = "npro-ws"
version = "0.0.2"
dependencies = [
 "miniz_oxide",
 "npro-core",
 "npro-h1",
]
